Microsoft Visual Studio Solution File, Format Version 12.00
# Visual Studio 15
VisualStudioVersion = 15.0.27130.0
MinimumVisualStudioVersion = 15.0.26124.0
Project("{2150E333-8FDC-42A3-9474-1A3956D46DE8}") = "src", "src", "{2E0262DD-CB8F-4CE3-AF35-8317FD3CB809}"
EndProject
Project("{2150E333-8FDC-42A3-9474-1A3956D46DE8}") = "BuildingBlocks", "BuildingBlocks", "{46E37D48-8D32-49C8-AB89-B9C5CC074CBB}"
EndProject
Project("{2150E333-8FDC-42A3-9474-1A3956D46DE8}") = "EventBus", "EventBus", "{C6117D49-8186-4FDA-A268-3328AB5632F3}"
EndProject
Project("{9A19103F-16F7-4668-BE54-9A1E7A4F7556}") = "EventBus", "src\BuildingBlocks\EventsBus\EventBus.csproj", "{9BA6E198-7EF8-43FB-8DF2-4E78BE0B7D6B}"
EndProject
Project("{2150E333-8FDC-42A3-9474-1A3956D46DE8}") = "Services", "Services", "{7E2481D3-F7F1-4C60-8655-29C8583AD11A}"
EndProject
Project("{2150E333-8FDC-42A3-9474-1A3956D46DE8}") = "Editor", "Editor", "{6899E499-BCA9-480A-A0D0-AB222AF03E25}"
EndProject
Project("{FAE04EC0-301F-11D3-BF4B-00C04F79EFBC}") = "Editor.Domain", "Editor.Domain\Editor.Domain.csproj", "{D3FCAA92-5549-45AC-9936-89A0879568B6}"
EndProject
Project("{2150E333-8FDC-42A3-9474-1A3956D46DE8}") = "test", "test", "{97ED5BED-5784-432E-A0EC-E99ED00E6BC7}"
EndProject
Project("{2150E333-8FDC-42A3-9474-1A3956D46DE8}") = "Services", "Services", "{95B8E8B2-91CE-4F3C-BD22-B2784A84D9AC}"
EndProject
Project("{2150E333-8FDC-42A3-9474-1A3956D46DE8}") = "UnitTests", "UnitTests", "{13268486-D30B-4485-90F1-B8E51B2654D3}"
EndProject
Project("{9A19103F-16F7-4668-BE54-9A1E7A4F7556}") = "UnitTests", "test\Services\UnitTests\UnitTests.csproj", "{ECD7DDDA-8081-4B70-8339-473A4C4562EC}"
EndProject
Global
	GlobalSection(SolutionConfigurationPlatforms) = preSolution
		Debug|Any CPU = Debug|Any CPU
		Release|Any CPU = Release|Any CPU
	EndGlobalSection
	GlobalSection(ProjectConfigurationPlatforms) = postSolution
		{9BA6E198-7EF8-43FB-8DF2-4E78BE0B7D6B}.Debug|Any CPU.ActiveCfg = Debug|Any CPU
		{9BA6E198-7EF8-43FB-8DF2-4E78BE0B7D6B}.Debug|Any CPU.Build.0 = Debug|Any CPU
		{9BA6E198-7EF8-43FB-8DF2-4E78BE0B7D6B}.Release|Any CPU.ActiveCfg = Release|Any CPU
		{9BA6E198-7EF8-43FB-8DF2-4E78BE0B7D6B}.Release|Any CPU.Build.0 = Release|Any CPU
		{D3FCAA92-5549-45AC-9936-89A0879568B6}.Debug|Any CPU.ActiveCfg = Debug|Any CPU
		{D3FCAA92-5549-45AC-9936-89A0879568B6}.Debug|Any CPU.Build.0 = Debug|Any CPU
		{D3FCAA92-5549-45AC-9936-89A0879568B6}.Release|Any CPU.ActiveCfg = Release|Any CPU
		{D3FCAA92-5549-45AC-9936-89A0879568B6}.Release|Any CPU.Build.0 = Release|Any CPU
		{ECD7DDDA-8081-4B70-8339-473A4C4562EC}.Debug|Any CPU.ActiveCfg = Debug|Any CPU
		{ECD7DDDA-8081-4B70-8339-473A4C4562EC}.Debug|Any CPU.Build.0 = Debug|Any CPU
		{ECD7DDDA-8081-4B70-8339-473A4C4562EC}.Release|Any CPU.ActiveCfg = Release|Any CPU
		{ECD7DDDA-8081-4B70-8339-473A4C4562EC}.Release|Any CPU.Build.0 = Release|Any CPU
	EndGlobalSection
	GlobalSection(SolutionProperties) = preSolution
		HideSolutionNode = FALSE
	EndGlobalSection
	GlobalSection(NestedProjects) = preSolution
		{46E37D48-8D32-49C8-AB89-B9C5CC074CBB} = {2E0262DD-CB8F-4CE3-AF35-8317FD3CB809}
		{C6117D49-8186-4FDA-A268-3328AB5632F3} = {46E37D48-8D32-49C8-AB89-B9C5CC074CBB}
		{9BA6E198-7EF8-43FB-8DF2-4E78BE0B7D6B} = {C6117D49-8186-4FDA-A268-3328AB5632F3}
		{7E2481D3-F7F1-4C60-8655-29C8583AD11A} = {2E0262DD-CB8F-4CE3-AF35-8317FD3CB809}
		{6899E499-BCA9-480A-A0D0-AB222AF03E25} = {7E2481D3-F7F1-4C60-8655-29C8583AD11A}
		{D3FCAA92-5549-45AC-9936-89A0879568B6} = {6899E499-BCA9-480A-A0D0-AB222AF03E25}
		{95B8E8B2-91CE-4F3C-BD22-B2784A84D9AC} = {97ED5BED-5784-432E-A0EC-E99ED00E6BC7}
		{13268486-D30B-4485-90F1-B8E51B2654D3} = {95B8E8B2-91CE-4F3C-BD22-B2784A84D9AC}
		{ECD7DDDA-8081-4B70-8339-473A4C4562EC} = {13268486-D30B-4485-90F1-B8E51B2654D3}
	EndGlobalSection
	GlobalSection(ExtensibilityGlobals) = postSolution
		SolutionGuid = {C753384D-3A27-4220-8617-C6B6A8551568}
	EndGlobalSection
EndGlobal
